
Microsoft Visual Studio Solution File, Format Version 12.00
# Visual Studio Version 17
VisualStudioVersion = 17.0.31903.59
MinimumVisualStudioVersion = 10.0.40219.1
Project("{FAE04EC0-301F-11D3-BF4B-00C04F79EFBC}") = "Externo.API", "Externo.API\Externo.API.csproj", "{A3A448CB-555C-4045-905A-3C96E7EAF832}"
EndProject
Project("{FAE04EC0-301F-11D3-BF4B-00C04F79EFBC}") = "Externo.Tests", "Externo.Tests\Externo.Tests.csproj", "{7CB0B6E1-054B-437C-8989-453D69B3E925}"
EndProject
Global
	GlobalSection(SolutionConfigurationPlatforms) = preSolution
		Debug|Any CPU = Debug|Any CPU
		Release|Any CPU = Release|Any CPU
	EndGlobalSection
	GlobalSection(SolutionProperties) = preSolution
		HideSolutionNode = FALSE
	EndGlobalSection
	GlobalSection(ProjectConfigurationPlatforms) = postSolution
		{A3A448CB-555C-4045-905A-3C96E7EAF832}.Debug|Any CPU.ActiveCfg = Debug|Any CPU
		{A3A448CB-555C-4045-905A-3C96E7EAF832}.Debug|Any CPU.Build.0 = Debug|Any CPU
		{A3A448CB-555C-4045-905A-3C96E7EAF832}.Release|Any CPU.ActiveCfg = Release|Any CPU
		{A3A448CB-555C-4045-905A-3C96E7EAF832}.Release|Any CPU.Build.0 = Release|Any CPU
		{7CB0B6E1-054B-437C-8989-453D69B3E925}.Debug|Any CPU.ActiveCfg = Debug|Any CPU
		{7CB0B6E1-054B-437C-8989-453D69B3E925}.Debug|Any CPU.Build.0 = Debug|Any CPU
		{7CB0B6E1-054B-437C-8989-453D69B3E925}.Release|Any CPU.ActiveCfg = Release|Any CPU
		{7CB0B6E1-054B-437C-8989-453D69B3E925}.Release|Any CPU.Build.0 = Release|Any CPU
	EndGlobalSection
EndGlobal
